{
	"name": "language-javascript-plus",
	"version": "2.0.0",
	"lockfileVersion": 1,
	"requires": true,
	"dependencies": {
		"nan": {
			"version": "2.12.1",
			"resolved": "https://registry.npmjs.org/nan/-/nan-2.12.1.tgz",
			"integrity": "sha512-JY7V6lRkStKcKTvHO5NVSQRv+RV+FIL5pvDoLiAtSL9pKlC5x9PKQcZDsq7m4FO4d57mkhC6Z+QhAh3Jdk5JFw=="
		},
		"tree-sitter-javascript": {
			"version": "0.13.10",
			"resolved": "https://registry.npmjs.org/tree-sitter-javascript/-/tree-sitter-javascript-0.13.10.tgz",
			"integrity": "sha512-ku/841Nu7k/VXwI2ifm7xxv2cUiiYztLlIeYTYZXpjaIHMfFer5XZRgmZldJHVthTQ9uRMEr7UQ0qeqnWKzOlg==",
			"requires": {
				"nan": "^2.4.0"
			}
		}
	}
}
